
Microsoft Visual Studio Solution File, Format Version 12.00
# Visual Studio 15
VisualStudioVersion = 15.0.28307.102
MinimumVisualStudioVersion = 10.0.40219.1
Project("{FAE04EC0-301F-11D3-BF4B-00C04F79EFBC}") = "GEFIDAPI", "GEFIDAPI\GEFIDAPI.csproj", "{BEDFEBD0-A676-4D7E-A84F-7D838CC26F1A}"
EndProject
Global
	GlobalSection(SolutionConfigurationPlatforms) = preSolution
		Debug|Any CPU = Debug|Any CPU
		Release|Any CPU = Release|Any CPU
	EndGlobalSection
	GlobalSection(ProjectConfigurationPlatforms) = postSolution
		{BEDFEBD0-A676-4D7E-A84F-7D838CC26F1A}.Debug|Any CPU.ActiveCfg = Debug|Any CPU
		{BEDFEBD0-A676-4D7E-A84F-7D838CC26F1A}.Debug|Any CPU.Build.0 = Debug|Any CPU
		{BEDFEBD0-A676-4D7E-A84F-7D838CC26F1A}.Release|Any CPU.ActiveCfg = Release|Any CPU
		{BEDFEBD0-A676-4D7E-A84F-7D838CC26F1A}.Release|Any CPU.Build.0 = Release|Any CPU
	EndGlobalSection
	GlobalSection(SolutionProperties) = preSolution
		HideSolutionNode = FALSE
	EndGlobalSection
	GlobalSection(ExtensibilityGlobals) = postSolution
		SolutionGuid = {51314BE6-47DE-4A74-B102-84BC289CB1DC}
	EndGlobalSection
EndGlobal
